
Microsoft Visual Studio Solution File, Format Version 12.00
Project("{FAE04EC0-301F-11D3-BF4B-00C04F79EFBC}") = "TestProject", "TestProject\TestProject.csproj", "{56378144-7F0E-4F06-B6F2-E19BDD27ADDA}"
EndProject
Global
	GlobalSection(SolutionConfigurationPlatforms) = preSolution
		Debug|Any CPU = Debug|Any CPU
		Release|Any CPU = Release|Any CPU
	EndGlobalSection
	GlobalSection(ProjectConfigurationPlatforms) = postSolution
		{56378144-7F0E-4F06-B6F2-E19BDD27ADDA}.Debug|Any CPU.ActiveCfg = Debug|Any CPU
		{56378144-7F0E-4F06-B6F2-E19BDD27ADDA}.Debug|Any CPU.Build.0 = Debug|Any CPU
		{56378144-7F0E-4F06-B6F2-E19BDD27ADDA}.Release|Any CPU.ActiveCfg = Release|Any CPU
		{56378144-7F0E-4F06-B6F2-E19BDD27ADDA}.Release|Any CPU.Build.0 = Release|Any CPU
	EndGlobalSection
EndGlobal
